
Microsoft Visual Studio Solution File, Format Version 12.00
# Visual Studio Version 17
VisualStudioVersion = 17.8.34408.163
MinimumVisualStudioVersion = 10.0.40219.1
Project("{8BC9CEB8-8B4A-11D0-8D11-00A0C91BC942}") = "gdi", "gdi.vcxproj", "{7167EDDA-4545-4970-B0A8-1F0A67DDAD5D}"
EndProject
Global
	GlobalSection(SolutionConfigurationPlatforms) = preSolution
		Debug|x64 = Debug|x64
		Debug|x86 = Debug|x86
		Release|x64 = Release|x64
		Release|x86 = Release|x86
	EndGlobalSection
	GlobalSection(ProjectConfigurationPlatforms) = postSolution
		{7167EDDA-4545-4970-B0A8-1F0A67DDAD5D}.Debug|x64.ActiveCfg = Debug|x64
		{7167EDDA-4545-4970-B0A8-1F0A67DDAD5D}.Debug|x64.Build.0 = Debug|x64
		{7167EDDA-4545-4970-B0A8-1F0A67DDAD5D}.Debug|x86.ActiveCfg = Debug|Win32
		{7167EDDA-4545-4970-B0A8-1F0A67DDAD5D}.Debug|x86.Build.0 = Debug|Win32
		{7167EDDA-4545-4970-B0A8-1F0A67DDAD5D}.Release|x64.ActiveCfg = Release|x64
		{7167EDDA-4545-4970-B0A8-1F0A67DDAD5D}.Release|x64.Build.0 = Release|x64
		{7167EDDA-4545-4970-B0A8-1F0A67DDAD5D}.Release|x86.ActiveCfg = Release|Win32
		{7167EDDA-4545-4970-B0A8-1F0A67DDAD5D}.Release|x86.Build.0 = Release|Win32
	EndGlobalSection
	GlobalSection(SolutionProperties) = preSolution
		HideSolutionNode = FALSE
	EndGlobalSection
	GlobalSection(ExtensibilityGlobals) = postSolution
		SolutionGuid = {59CB30E0-1CA1-4844-9A31-A3334EEA10B1}
	EndGlobalSection
EndGlobal
